
Microsoft Visual Studio Solution File, Format Version 12.00
# Visual Studio Version 17
VisualStudioVersion = 17.9.34728.123
MinimumVisualStudioVersion = 10.0.40219.1
Project("{FAE04EC0-301F-11D3-BF4B-00C04F79EFBC}") = "ExemploAula", "ExemploAula\ExemploAula.csproj", "{B0BCE302-C7FD-4215-AFDD-DD09305D2C16}"
EndProject
Global
	GlobalSection(SolutionConfigurationPlatforms) = preSolution
		Debug|Any CPU = Debug|Any CPU
		Release|Any CPU = Release|Any CPU
	EndGlobalSection
	GlobalSection(ProjectConfigurationPlatforms) = postSolution
		{B0BCE302-C7FD-4215-AFDD-DD09305D2C16}.Debug|Any CPU.ActiveCfg = Debug|Any CPU
		{B0BCE302-C7FD-4215-AFDD-DD09305D2C16}.Debug|Any CPU.Build.0 = Debug|Any CPU
		{B0BCE302-C7FD-4215-AFDD-DD09305D2C16}.Release|Any CPU.ActiveCfg = Release|Any CPU
		{B0BCE302-C7FD-4215-AFDD-DD09305D2C16}.Release|Any CPU.Build.0 = Release|Any CPU
	EndGlobalSection
	GlobalSection(SolutionProperties) = preSolution
		HideSolutionNode = FALSE
	EndGlobalSection
	GlobalSection(ExtensibilityGlobals) = postSolution
		SolutionGuid = {A3A3F53D-DB49-4016-8995-9F13635C7877}
	EndGlobalSection
EndGlobal
